
Microsoft Visual Studio Solution File, Format Version 12.00
# Visual Studio Version 17
VisualStudioVersion = 17.13.35931.197
MinimumVisualStudioVersion = 10.0.40219.1
Project("{FAE04EC0-301F-11D3-BF4B-00C04F79EFBC}") = "EFCoreDemo", "EFCoreDemo\EFCoreDemo.csproj", "{C9CC6CDA-E362-4D24-892A-EE852FCAB6E5}"
EndProject
Project("{FAE04EC0-301F-11D3-BF4B-00C04F79EFBC}") = "EFCoreDemo.API", "EFCoreDemo.API\EFCoreDemo.API.csproj", "{9478D040-5D48-4EDB-9DE9-14A8C9F26060}"
EndProject
Global
	GlobalSection(SolutionConfigurationPlatforms) = preSolution
		Debug|Any CPU = Debug|Any CPU
		Release|Any CPU = Release|Any CPU
	EndGlobalSection
	GlobalSection(ProjectConfigurationPlatforms) = postSolution
		{C9CC6CDA-E362-4D24-892A-EE852FCAB6E5}.Debug|Any CPU.ActiveCfg = Debug|Any CPU
		{C9CC6CDA-E362-4D24-892A-EE852FCAB6E5}.Debug|Any CPU.Build.0 = Debug|Any CPU
		{C9CC6CDA-E362-4D24-892A-EE852FCAB6E5}.Release|Any CPU.ActiveCfg = Release|Any CPU
		{C9CC6CDA-E362-4D24-892A-EE852FCAB6E5}.Release|Any CPU.Build.0 = Release|Any CPU
		{9478D040-5D48-4EDB-9DE9-14A8C9F26060}.Debug|Any CPU.ActiveCfg = Debug|Any CPU
		{9478D040-5D48-4EDB-9DE9-14A8C9F26060}.Debug|Any CPU.Build.0 = Debug|Any CPU
		{9478D040-5D48-4EDB-9DE9-14A8C9F26060}.Release|Any CPU.ActiveCfg = Release|Any CPU
		{9478D040-5D48-4EDB-9DE9-14A8C9F26060}.Release|Any CPU.Build.0 = Release|Any CPU
	EndGlobalSection
	GlobalSection(SolutionProperties) = preSolution
		HideSolutionNode = FALSE
	EndGlobalSection
	GlobalSection(ExtensibilityGlobals) = postSolution
		SolutionGuid = {5D57468A-D729-4D62-98D9-7282F146B94C}
	EndGlobalSection
EndGlobal
